
Microsoft Visual Studio Solution File, Format Version 12.00
# Visual Studio 14
VisualStudioVersion = 14.0.25420.1
MinimumVisualStudioVersion = 10.0.40219.1
Project("{FAE04EC0-301F-11D3-BF4B-00C04F79EFBC}") = "Book", "Book\Book.csproj", "{FE1435A2-DA84-4682-A0A3-1BAE834F42D6}"
EndProject
Project("{FAE04EC0-301F-11D3-BF4B-00C04F79EFBC}") = "ConsoleApplication1", "ConsoleApplication1\ConsoleApplication1.csproj", "{6AB8A671-6C88-4F18-AFB5-1839BE22D2F4}"
EndProject
Global
	GlobalSection(SolutionConfigurationPlatforms) = preSolution
		Debug|Any CPU = Debug|Any CPU
		Release|Any CPU = Release|Any CPU
	EndGlobalSection
	GlobalSection(ProjectConfigurationPlatforms) = postSolution
		{FE1435A2-DA84-4682-A0A3-1BAE834F42D6}.Debug|Any CPU.ActiveCfg = Debug|Any CPU
		{FE1435A2-DA84-4682-A0A3-1BAE834F42D6}.Debug|Any CPU.Build.0 = Debug|Any CPU
		{FE1435A2-DA84-4682-A0A3-1BAE834F42D6}.Release|Any CPU.ActiveCfg = Release|Any CPU
		{FE1435A2-DA84-4682-A0A3-1BAE834F42D6}.Release|Any CPU.Build.0 = Release|Any CPU
		{6AB8A671-6C88-4F18-AFB5-1839BE22D2F4}.Debug|Any CPU.ActiveCfg = Debug|Any CPU
		{6AB8A671-6C88-4F18-AFB5-1839BE22D2F4}.Debug|Any CPU.Build.0 = Debug|Any CPU
		{6AB8A671-6C88-4F18-AFB5-1839BE22D2F4}.Release|Any CPU.ActiveCfg = Release|Any CPU
		{6AB8A671-6C88-4F18-AFB5-1839BE22D2F4}.Release|Any CPU.Build.0 = Release|Any CPU
	EndGlobalSection
	GlobalSection(SolutionProperties) = preSolution
		HideSolutionNode = FALSE
	EndGlobalSection
EndGlobal
